{
  "name": "wheel_of_fortune",
  "lockfileVersion": 2,
  "requires": true,
  "packages": {
    "": {
      "dependencies": {
        "jquery-slotmachine": "^6.0.0"
      }
    },
    "node_modules/jquery-slotmachine": {
      "version": "6.0.0",
      "resolved": "https://registry.npmjs.org/jquery-slotmachine/-/jquery-slotmachine-6.0.0.tgz",
      "integrity": "sha512-FRsCshF+0BHTyiEGfHsnqojyI8M8oxyZhyL8FL4az0Eq3dUWK5k0uhDZnmZVCc7pLi+Z9uu9p7pCBEp6t8AAXA==",
      "engines": {
        "node": ">= 16"
      }
    }
  },
  "dependencies": {
    "jquery-slotmachine": {
      "version": "6.0.0",
      "resolved": "https://registry.npmjs.org/jquery-slotmachine/-/jquery-slotmachine-6.0.0.tgz",
      "integrity": "sha512-FRsCshF+0BHTyiEGfHsnqojyI8M8oxyZhyL8FL4az0Eq3dUWK5k0uhDZnmZVCc7pLi+Z9uu9p7pCBEp6t8AAXA=="
    }
  }
}
